
Microsoft Visual Studio Solution File, Format Version 12.00
Project("{2150E333-8FDC-42A3-9474-1A3956D46DE8}") = "Lek_2_MereBasic", "Lek_2_MereBasic", "{AAAB1851-E589-4831-91D2-1AF6300531D8}"
EndProject
Project("{2150E333-8FDC-42A3-9474-1A3956D46DE8}") = "Lek_1_Intro", "Lek_1_Intro", "{51D5A9D3-1E79-4188-8694-23C7E5FA5F00}"
EndProject
Project("{FAE04EC0-301F-11D3-BF4B-00C04F79EFBC}") = "Intro", "Intro\Intro.csproj", "{1D564A0C-BF57-4507-8FB1-4672E9B7E5FA}"
EndProject
Project("{FAE04EC0-301F-11D3-BF4B-00C04F79EFBC}") = "MyLibary", "MyLibary\MyLibary.csproj", "{108F8ABA-2CF5-42E4-85DC-43000CB77275}"
EndProject
Project("{FAE04EC0-301F-11D3-BF4B-00C04F79EFBC}") = "Main", "Main\Main.csproj", "{838B787B-ADC6-4BE0-A034-14E5D97E852D}"
EndProject
Project("{2150E333-8FDC-42A3-9474-1A3956D46DE8}") = "Lek_3_Klasser_Arv", "Lek_3_Klasser_Arv", "{DC81FE1A-D575-4A6D-8806-64C9E9574D89}"
EndProject
Project("{FAE04EC0-301F-11D3-BF4B-00C04F79EFBC}") = "Øvelse3.0", "Øvelse3.0\Øvelse3.0.csproj", "{08137AC6-5937-4D08-8E1A-092E077B5E52}"
EndProject
Project("{FAE04EC0-301F-11D3-BF4B-00C04F79EFBC}") = "Øvelse3.2-3.7", "Øvelse3.2-3.7\Øvelse3.2-3.7.csproj", "{85050AC6-C596-4241-AB64-EEAE7B558607}"
EndProject
Project("{FAE04EC0-301F-11D3-BF4B-00C04F79EFBC}") = "Øvelse3.8", "Øvelse3.8\Øvelse3.8.csproj", "{357BFC9C-A812-4D27-A137-DFE54E517AD8}"
EndProject
Project("{2150E333-8FDC-42A3-9474-1A3956D46DE8}") = "Lek_4_Delegates_EkstationMethos", "Lek_4_Delegates_EkstationMethos", "{B1FDD5E6-9E87-46B5-B58D-423E0C890BE0}"
EndProject
Project("{FAE04EC0-301F-11D3-BF4B-00C04F79EFBC}") = "Øvelse4.1", "Øvelse4.1\Øvelse4.1.csproj", "{B1614D0D-419F-48F1-B37C-621A754BF6E1}"
EndProject
Project("{FAE04EC0-301F-11D3-BF4B-00C04F79EFBC}") = "Øvelse4.2", "Øvelse4.2\Øvelse4.2.csproj", "{DF95032E-402F-4EC5-BF22-8FB35360FB6B}"
EndProject
Project("{FAE04EC0-301F-11D3-BF4B-00C04F79EFBC}") = "Øvelse4.3-4.4", "Øvelse4.3-4.4\Øvelse4.3-4.4.csproj", "{D4332A24-3737-4F0A-B34C-C9AEA38A986D}"
EndProject
Project("{FAE04EC0-301F-11D3-BF4B-00C04F79EFBC}") = "Øvelse4.5", "Øvelse4.5\Øvelse4.5.csproj", "{78B49CBA-3A0A-4F03-842C-437C3A785508}"
EndProject
Project("{FAE04EC0-301F-11D3-BF4B-00C04F79EFBC}") = "Øvelse4.6", "Øvelse4.6\Øvelse4.6.csproj", "{CE571D3B-EFA1-4174-B47D-CC97276728CB}"
EndProject
Project("{FAE04EC0-301F-11D3-BF4B-00C04F79EFBC}") = "Øvelse4.7", "Øvelse4.7\Øvelse4.7.csproj", "{B3E2DCC4-DB46-4959-9863-E7989178501A}"
EndProject
Project("{2150E333-8FDC-42A3-9474-1A3956D46DE8}") = "Lek_5_LinQ", "Lek_5_LinQ", "{9653B506-E577-4431-8A95-4BA3A5ECF956}"
EndProject
Project("{FAE04EC0-301F-11D3-BF4B-00C04F79EFBC}") = "øvelse5.1-5.2", "øvelse5.1-5.2\øvelse5.1-5.2.csproj", "{DC7D0BB2-4F3D-4B81-B174-223E01496B9B}"
EndProject
Project("{FAE04EC0-301F-11D3-BF4B-00C04F79EFBC}") = "Øvelse5.3-5.9", "Øvelse5.3-5.9\Øvelse5.3-5.9.csproj", "{31940D84-EBF5-4B48-904C-3D0D146D50C6}"
EndProject
Project("{FAE04EC0-301F-11D3-BF4B-00C04F79EFBC}") = "Øvelse5.8_5.10", "Øvelse5.8_5.10\Øvelse5.8_5.10.csproj", "{23E897B8-CF19-4192-9A69-EDD6FC5060F7}"
EndProject
Project("{2150E333-8FDC-42A3-9474-1A3956D46DE8}") = "Lek_6_MVC", "Lek_6_MVC", "{CFF4C0E8-AC4F-4759-A5DC-799169552AC9}"
EndProject
Project("{FAE04EC0-301F-11D3-BF4B-00C04F79EFBC}") = "opgaver1_6.1-6.5", "opgaver1_6.1-6.5\opgaver1_6.1-6.5.csproj", "{D1447754-710A-40B7-BA55-524867C3FB53}"
EndProject
Project("{FAE04EC0-301F-11D3-BF4B-00C04F79EFBC}") = "Musicstore", "Musicstore\Musicstore.csproj", "{415ACB52-9C3A-465C-BF7B-5A15DF6E12EE}"
EndProject
Global
	GlobalSection(SolutionConfigurationPlatforms) = preSolution
		Debug|Any CPU = Debug|Any CPU
		Release|Any CPU = Release|Any CPU
	EndGlobalSection
	GlobalSection(ProjectConfigurationPlatforms) = postSolution
		{1D564A0C-BF57-4507-8FB1-4672E9B7E5FA}.Debug|Any CPU.ActiveCfg = Debug|Any CPU
		{1D564A0C-BF57-4507-8FB1-4672E9B7E5FA}.Debug|Any CPU.Build.0 = Debug|Any CPU
		{1D564A0C-BF57-4507-8FB1-4672E9B7E5FA}.Release|Any CPU.ActiveCfg = Release|Any CPU
		{1D564A0C-BF57-4507-8FB1-4672E9B7E5FA}.Release|Any CPU.Build.0 = Release|Any CPU
		{108F8ABA-2CF5-42E4-85DC-43000CB77275}.Debug|Any CPU.ActiveCfg = Debug|Any CPU
		{108F8ABA-2CF5-42E4-85DC-43000CB77275}.Debug|Any CPU.Build.0 = Debug|Any CPU
		{108F8ABA-2CF5-42E4-85DC-43000CB77275}.Release|Any CPU.ActiveCfg = Release|Any CPU
		{108F8ABA-2CF5-42E4-85DC-43000CB77275}.Release|Any CPU.Build.0 = Release|Any CPU
		{838B787B-ADC6-4BE0-A034-14E5D97E852D}.Debug|Any CPU.ActiveCfg = Debug|Any CPU
		{838B787B-ADC6-4BE0-A034-14E5D97E852D}.Debug|Any CPU.Build.0 = Debug|Any CPU
		{838B787B-ADC6-4BE0-A034-14E5D97E852D}.Release|Any CPU.ActiveCfg = Release|Any CPU
		{838B787B-ADC6-4BE0-A034-14E5D97E852D}.Release|Any CPU.Build.0 = Release|Any CPU
		{08137AC6-5937-4D08-8E1A-092E077B5E52}.Debug|Any CPU.ActiveCfg = Debug|Any CPU
		{08137AC6-5937-4D08-8E1A-092E077B5E52}.Debug|Any CPU.Build.0 = Debug|Any CPU
		{08137AC6-5937-4D08-8E1A-092E077B5E52}.Release|Any CPU.ActiveCfg = Release|Any CPU
		{08137AC6-5937-4D08-8E1A-092E077B5E52}.Release|Any CPU.Build.0 = Release|Any CPU
		{85050AC6-C596-4241-AB64-EEAE7B558607}.Debug|Any CPU.ActiveCfg = Debug|Any CPU
		{85050AC6-C596-4241-AB64-EEAE7B558607}.Debug|Any CPU.Build.0 = Debug|Any CPU
		{85050AC6-C596-4241-AB64-EEAE7B558607}.Release|Any CPU.ActiveCfg = Release|Any CPU
		{85050AC6-C596-4241-AB64-EEAE7B558607}.Release|Any CPU.Build.0 = Release|Any CPU
		{357BFC9C-A812-4D27-A137-DFE54E517AD8}.Debug|Any CPU.ActiveCfg = Debug|Any CPU
		{357BFC9C-A812-4D27-A137-DFE54E517AD8}.Debug|Any CPU.Build.0 = Debug|Any CPU
		{357BFC9C-A812-4D27-A137-DFE54E517AD8}.Release|Any CPU.ActiveCfg = Release|Any CPU
		{357BFC9C-A812-4D27-A137-DFE54E517AD8}.Release|Any CPU.Build.0 = Release|Any CPU
		{B1614D0D-419F-48F1-B37C-621A754BF6E1}.Debug|Any CPU.ActiveCfg = Debug|Any CPU
		{B1614D0D-419F-48F1-B37C-621A754BF6E1}.Debug|Any CPU.Build.0 = Debug|Any CPU
		{B1614D0D-419F-48F1-B37C-621A754BF6E1}.Release|Any CPU.ActiveCfg = Release|Any CPU
		{B1614D0D-419F-48F1-B37C-621A754BF6E1}.Release|Any CPU.Build.0 = Release|Any CPU
		{DF95032E-402F-4EC5-BF22-8FB35360FB6B}.Debug|Any CPU.ActiveCfg = Debug|Any CPU
		{DF95032E-402F-4EC5-BF22-8FB35360FB6B}.Debug|Any CPU.Build.0 = Debug|Any CPU
		{DF95032E-402F-4EC5-BF22-8FB35360FB6B}.Release|Any CPU.ActiveCfg = Release|Any CPU
		{DF95032E-402F-4EC5-BF22-8FB35360FB6B}.Release|Any CPU.Build.0 = Release|Any CPU
		{D4332A24-3737-4F0A-B34C-C9AEA38A986D}.Debug|Any CPU.ActiveCfg = Debug|Any CPU
		{D4332A24-3737-4F0A-B34C-C9AEA38A986D}.Debug|Any CPU.Build.0 = Debug|Any CPU
		{D4332A24-3737-4F0A-B34C-C9AEA38A986D}.Release|Any CPU.ActiveCfg = Release|Any CPU
		{D4332A24-3737-4F0A-B34C-C9AEA38A986D}.Release|Any CPU.Build.0 = Release|Any CPU
		{78B49CBA-3A0A-4F03-842C-437C3A785508}.Debug|Any CPU.ActiveCfg = Debug|Any CPU
		{78B49CBA-3A0A-4F03-842C-437C3A785508}.Debug|Any CPU.Build.0 = Debug|Any CPU
		{78B49CBA-3A0A-4F03-842C-437C3A785508}.Release|Any CPU.ActiveCfg = Release|Any CPU
		{78B49CBA-3A0A-4F03-842C-437C3A785508}.Release|Any CPU.Build.0 = Release|Any CPU
		{CE571D3B-EFA1-4174-B47D-CC97276728CB}.Debug|Any CPU.ActiveCfg = Debug|Any CPU
		{CE571D3B-EFA1-4174-B47D-CC97276728CB}.Debug|Any CPU.Build.0 = Debug|Any CPU
		{CE571D3B-EFA1-4174-B47D-CC97276728CB}.Release|Any CPU.ActiveCfg = Release|Any CPU
		{CE571D3B-EFA1-4174-B47D-CC97276728CB}.Release|Any CPU.Build.0 = Release|Any CPU
		{B3E2DCC4-DB46-4959-9863-E7989178501A}.Debug|Any CPU.ActiveCfg = Debug|Any CPU
		{B3E2DCC4-DB46-4959-9863-E7989178501A}.Debug|Any CPU.Build.0 = Debug|Any CPU
		{B3E2DCC4-DB46-4959-9863-E7989178501A}.Release|Any CPU.ActiveCfg = Release|Any CPU
		{B3E2DCC4-DB46-4959-9863-E7989178501A}.Release|Any CPU.Build.0 = Release|Any CPU
		{DC7D0BB2-4F3D-4B81-B174-223E01496B9B}.Debug|Any CPU.ActiveCfg = Debug|Any CPU
		{DC7D0BB2-4F3D-4B81-B174-223E01496B9B}.Debug|Any CPU.Build.0 = Debug|Any CPU
		{DC7D0BB2-4F3D-4B81-B174-223E01496B9B}.Release|Any CPU.ActiveCfg = Release|Any CPU
		{DC7D0BB2-4F3D-4B81-B174-223E01496B9B}.Release|Any CPU.Build.0 = Release|Any CPU
		{31940D84-EBF5-4B48-904C-3D0D146D50C6}.Debug|Any CPU.ActiveCfg = Debug|Any CPU
		{31940D84-EBF5-4B48-904C-3D0D146D50C6}.Debug|Any CPU.Build.0 = Debug|Any CPU
		{31940D84-EBF5-4B48-904C-3D0D146D50C6}.Release|Any CPU.ActiveCfg = Release|Any CPU
		{31940D84-EBF5-4B48-904C-3D0D146D50C6}.Release|Any CPU.Build.0 = Release|Any CPU
		{23E897B8-CF19-4192-9A69-EDD6FC5060F7}.Debug|Any CPU.ActiveCfg = Debug|Any CPU
		{23E897B8-CF19-4192-9A69-EDD6FC5060F7}.Debug|Any CPU.Build.0 = Debug|Any CPU
		{23E897B8-CF19-4192-9A69-EDD6FC5060F7}.Release|Any CPU.ActiveCfg = Release|Any CPU
		{23E897B8-CF19-4192-9A69-EDD6FC5060F7}.Release|Any CPU.Build.0 = Release|Any CPU
		{D1447754-710A-40B7-BA55-524867C3FB53}.Debug|Any CPU.ActiveCfg = Debug|Any CPU
		{D1447754-710A-40B7-BA55-524867C3FB53}.Debug|Any CPU.Build.0 = Debug|Any CPU
		{D1447754-710A-40B7-BA55-524867C3FB53}.Release|Any CPU.ActiveCfg = Release|Any CPU
		{D1447754-710A-40B7-BA55-524867C3FB53}.Release|Any CPU.Build.0 = Release|Any CPU
		{415ACB52-9C3A-465C-BF7B-5A15DF6E12EE}.Debug|Any CPU.ActiveCfg = Debug|Any CPU
		{415ACB52-9C3A-465C-BF7B-5A15DF6E12EE}.Debug|Any CPU.Build.0 = Debug|Any CPU
		{415ACB52-9C3A-465C-BF7B-5A15DF6E12EE}.Release|Any CPU.ActiveCfg = Release|Any CPU
		{415ACB52-9C3A-465C-BF7B-5A15DF6E12EE}.Release|Any CPU.Build.0 = Release|Any CPU
	EndGlobalSection
	GlobalSection(NestedProjects) = preSolution
		{1D564A0C-BF57-4507-8FB1-4672E9B7E5FA} = {51D5A9D3-1E79-4188-8694-23C7E5FA5F00}
		{108F8ABA-2CF5-42E4-85DC-43000CB77275} = {51D5A9D3-1E79-4188-8694-23C7E5FA5F00}
		{838B787B-ADC6-4BE0-A034-14E5D97E852D} = {AAAB1851-E589-4831-91D2-1AF6300531D8}
		{08137AC6-5937-4D08-8E1A-092E077B5E52} = {DC81FE1A-D575-4A6D-8806-64C9E9574D89}
		{85050AC6-C596-4241-AB64-EEAE7B558607} = {DC81FE1A-D575-4A6D-8806-64C9E9574D89}
		{357BFC9C-A812-4D27-A137-DFE54E517AD8} = {DC81FE1A-D575-4A6D-8806-64C9E9574D89}
		{B1614D0D-419F-48F1-B37C-621A754BF6E1} = {B1FDD5E6-9E87-46B5-B58D-423E0C890BE0}
		{DF95032E-402F-4EC5-BF22-8FB35360FB6B} = {B1FDD5E6-9E87-46B5-B58D-423E0C890BE0}
		{D4332A24-3737-4F0A-B34C-C9AEA38A986D} = {B1FDD5E6-9E87-46B5-B58D-423E0C890BE0}
		{78B49CBA-3A0A-4F03-842C-437C3A785508} = {B1FDD5E6-9E87-46B5-B58D-423E0C890BE0}
		{CE571D3B-EFA1-4174-B47D-CC97276728CB} = {B1FDD5E6-9E87-46B5-B58D-423E0C890BE0}
		{B3E2DCC4-DB46-4959-9863-E7989178501A} = {B1FDD5E6-9E87-46B5-B58D-423E0C890BE0}
		{DC7D0BB2-4F3D-4B81-B174-223E01496B9B} = {9653B506-E577-4431-8A95-4BA3A5ECF956}
		{31940D84-EBF5-4B48-904C-3D0D146D50C6} = {9653B506-E577-4431-8A95-4BA3A5ECF956}
		{23E897B8-CF19-4192-9A69-EDD6FC5060F7} = {9653B506-E577-4431-8A95-4BA3A5ECF956}
		{D1447754-710A-40B7-BA55-524867C3FB53} = {CFF4C0E8-AC4F-4759-A5DC-799169552AC9}
		{415ACB52-9C3A-465C-BF7B-5A15DF6E12EE} = {CFF4C0E8-AC4F-4759-A5DC-799169552AC9}
	EndGlobalSection
EndGlobal
